<Solution>
  <Folder Name="/Lab01/">
    <Project Path="Lab01/Task/Lab01.Task.csproj" />
  </Folder>
  <Folder Name="/Lab02/">
    <Project Path="Lab02/Task/Lab02.Task.csproj" />
  </Folder>
  <Folder Name="/Lab03/" />
  <Folder Name="/Lab03/Task/">
    <Project Path="Lab03/Task/Lab03.Task.csproj" />
  </Folder>
  <Folder Name="/Lab04/" />
  <Folder Name="/Lab04/Task/">
    <Project Path="Lab04/Task/Lab04.Task.csproj" />
  </Folder>
</Solution>
